{
  "nodes": {
    "brew-src": {
      "flake": false,
      "locked": {
        "lastModified": 1774235677,
        "narHash": "sha256-0ryNYmzDAeRlrzPTAgmzGH/Cgc8iv/LBN6jWGUANvIk=",
        "owner": "Homebrew",
        "repo": "brew",
        "rev": "894a3d23ac0c8aaf561b9874b528b9cb2e839201",
        "type": "github"
      },
      "original": {
        "owner": "Homebrew",
        "ref": "5.1.1",
        "repo": "brew",
        "type": "github"
      }
    },
    "home-manager": {
      "inputs": {
        "nixpkgs": [
          "nixpkgs"
        ]
      },
      "locked": {
        "lastModified": 1775781825,
        "narHash": "sha256-L5yKTpR+alrZU2XYYvIxCeCP4LBHU5jhwSj7H1VAavg=",
        "owner": "nix-community",
        "repo": "home-manager",
        "rev": "e35c39fca04fee829cecdf839a50eb9b54d8a701",
        "type": "github"
      },
      "original": {
        "owner": "nix-community",
        "repo": "home-manager",
        "type": "github"
      }
    },
    "homebrew-anomalyco": {
      "flake": false,
      "locked": {
        "lastModified": 1775824021,
        "narHash": "sha256-DQdNXSKO9u3c0VYJYir7N4e640avOVPA5fKlx+wvZ1o=",
        "owner": "anomalyco",
        "repo": "homebrew-tap",
        "rev": "62ff99dba444b5a155d55120918fc2aa521a98f2",
        "type": "github"
      },
      "original": {
        "owner": "anomalyco",
        "repo": "homebrew-tap",
        "type": "github"
      }
    },
    "homebrew-bun": {
      "flake": false,
      "locked": {
        "lastModified": 1775790415,
        "narHash": "sha256-fG5yymrXlfWkDE1ereJ+ttdzskXTSrQlCUDDVHWrMa4=",
        "owner": "oven-sh",
        "repo": "homebrew-bun",
        "rev": "862fd7de93993c1e53041e6e4d1a3445b1301ba3",
        "type": "github"
      },
      "original": {
        "owner": "oven-sh",
        "repo": "homebrew-bun",
        "type": "github"
      }
    },
    "homebrew-cask": {
      "flake": false,
      "locked": {
        "lastModified": 1775829965,
        "narHash": "sha256-pj/Ie8HV3PiWTAhlwga0/LBFam4iFeH4p7Un+iELjzA=",
        "owner": "homebrew",
        "repo": "homebrew-cask",
        "rev": "8556c4b426c5d85a567055f99a7869520aa286a3",
        "type": "github"
      },
      "original": {
        "owner": "homebrew",
        "repo": "homebrew-cask",
        "type": "github"
      }
    },
    "homebrew-core": {
      "flake": false,
      "locked": {
        "lastModified": 1775828910,
        "narHash": "sha256-1xfKhC1Lsk659cmD6PaCSQjVfhwuQM4RD0pfrZKcEIc=",
        "owner": "homebrew",
        "repo": "homebrew-core",
        "rev": "1b756c88b68f61bbef9889cb916a815b596ecf77",
        "type": "github"
      },
      "original": {
        "owner": "homebrew",
        "repo": "homebrew-core",
        "type": "github"
      }
    },
    "homebrew-sdkman": {
      "flake": false,
      "locked": {
        "lastModified": 1755105143,
        "narHash": "sha256-n8nB0WBgYVZfeunCetX4rpkkDFhketaoxtB4T5CCgiM=",
        "owner": "sdkman",
        "repo": "homebrew-tap",
        "rev": "bfbdacdfd7c63180ae3d48dd5c7910298e1af582",
        "type": "github"
      },
      "original": {
        "owner": "sdkman",
        "repo": "homebrew-tap",
        "type": "github"
      }
    },
    "nix-darwin": {
      "inputs": {
        "nixpkgs": [
          "nixpkgs"
        ]
      },
      "locked": {
        "lastModified": 1775037210,
        "narHash": "sha256-KM2WYj6EA7M/FVZVCl3rqWY+TFV5QzSyyGE2gQxeODU=",
        "owner": "nix-darwin",
        "repo": "nix-darwin",
        "rev": "06648f4902343228ce2de79f291dd5a58ee12146",
        "type": "github"
      },
      "original": {
        "owner": "nix-darwin",
        "ref": "master",
        "repo": "nix-darwin",
        "type": "github"
      }
    },
    "nix-homebrew": {
      "inputs": {
        "brew-src": "brew-src"
      },
      "locked": {
        "lastModified": 1774720267,
        "narHash": "sha256-YYftFe8jyfpQI649yfr0E+dqEXE2jznZNcYvy/lKV1U=",
        "owner": "zhaofengli",
        "repo": "nix-homebrew",
        "rev": "a7760a3a83f7609f742861afb5732210fdc437ed",
        "type": "github"
      },
      "original": {
        "owner": "zhaofengli",
        "repo": "nix-homebrew",
        "type": "github"
      }
    },
    "nixpkgs": {
      "locked": {
        "lastModified": 1775763530,
        "narHash": "sha256-BuTK9z1QEwWPOIakQ1gCN4pa4VwVJpfptYCviy2uOGc=",
        "owner": "NixOS",
        "repo": "nixpkgs",
        "rev": "b0188973b4b2a5b6bdba8b65381d6cd09a533da0",
        "type": "github"
      },
      "original": {
        "owner": "NixOS",
        "ref": "nixpkgs-unstable",
        "repo": "nixpkgs",
        "type": "github"
      }
    },
    "root": {
      "inputs": {
        "home-manager": "home-manager",
        "homebrew-anomalyco": "homebrew-anomalyco",
        "homebrew-bun": "homebrew-bun",
        "homebrew-cask": "homebrew-cask",
        "homebrew-core": "homebrew-core",
        "homebrew-sdkman": "homebrew-sdkman",
        "nix-darwin": "nix-darwin",
        "nix-homebrew": "nix-homebrew",
        "nixpkgs": "nixpkgs"
      }
    }
  },
  "root": "root",
  "version": 7
}
